
Microsoft Visual Studio Solution File, Format Version 12.00
# Visual Studio Version 17
VisualStudioVersion = 17.8.34330.188
MinimumVisualStudioVersion = 10.0.40219.1
Project("{8BC9CEB8-8B4A-11D0-8D11-00A0C91BC942}") = "ControlStructures", "ControlStracture\ControlStracture.vcxproj", "{0FA14B36-50CD-4E13-A991-BC0504470C80}"
EndProject
Project("{8BC9CEB8-8B4A-11D0-8D11-00A0C91BC942}") = "CALC", "CALC\CALC.vcxproj", "{04247C32-FB45-491B-BDC9-319CE3A8B5E5}"
EndProject
Project("{8BC9CEB8-8B4A-11D0-8D11-00A0C91BC942}") = "SHOOTER", "SHOOTER\SHOOTER.vcxproj", "{227AEC94-FAE5-4E2E-9295-4BC6D17CD9FA}"
EndProject
Project("{8BC9CEB8-8B4A-11D0-8D11-00A0C91BC942}") = "FOR", "FOR\FOR.vcxproj", "{9C0CEFFC-CDEE-4716-B2BB-5D568838B386}"
EndProject
Project("{8BC9CEB8-8B4A-11D0-8D11-00A0C91BC942}") = "HW", "HW\HW.vcxproj", "{D0CF1A86-7085-4C50-B1AE-ACF220F43603}"
EndProject
Project("{8BC9CEB8-8B4A-11D0-8D11-00A0C91BC942}") = "SHOOTER2", "SHOOTER2\SHOOTER2.vcxproj", "{F5ED09C2-C780-4DF4-B55B-351CD03E5971}"
EndProject
Project("{8BC9CEB8-8B4A-11D0-8D11-00A0C91BC942}") = "Geometry", "Geometry\Geometry.vcxproj", "{F58E55C8-789A-4E5A-81D6-AF153CBA6AED}"
EndProject
Project("{8BC9CEB8-8B4A-11D0-8D11-00A0C91BC942}") = "GEOMETRYA2", "GEOMETRYA2\GEOMETRYA2.vcxproj", "{B803D2F8-B858-4227-8C8E-07FD37134B4E}"
EndProject
Project("{8BC9CEB8-8B4A-11D0-8D11-00A0C91BC942}") = "Chess", "Chess\Chess.vcxproj", "{94EFA8BC-021A-47F6-ACB9-43C4151B505B}"
EndProject
Project("{8BC9CEB8-8B4A-11D0-8D11-00A0C91BC942}") = "PasckalTriangle", "PasckalTriangle\PasckalTriangle.vcxproj", "{1B42CB53-4EF2-4DF6-A52E-CE915EF125C4}"
EndProject
Global
	GlobalSection(SolutionConfigurationPlatforms) = preSolution
		Debug|x64 = Debug|x64
		Debug|x86 = Debug|x86
		Release|x64 = Release|x64
		Release|x86 = Release|x86
	EndGlobalSection
	GlobalSection(ProjectConfigurationPlatforms) = postSolution
		{0FA14B36-50CD-4E13-A991-BC0504470C80}.Debug|x64.ActiveCfg = Debug|x64
		{0FA14B36-50CD-4E13-A991-BC0504470C80}.Debug|x64.Build.0 = Debug|x64
		{0FA14B36-50CD-4E13-A991-BC0504470C80}.Debug|x86.ActiveCfg = Debug|Win32
		{0FA14B36-50CD-4E13-A991-BC0504470C80}.Debug|x86.Build.0 = Debug|Win32
		{0FA14B36-50CD-4E13-A991-BC0504470C80}.Release|x64.ActiveCfg = Release|x64
		{0FA14B36-50CD-4E13-A991-BC0504470C80}.Release|x64.Build.0 = Release|x64
		{0FA14B36-50CD-4E13-A991-BC0504470C80}.Release|x86.ActiveCfg = Release|Win32
		{0FA14B36-50CD-4E13-A991-BC0504470C80}.Release|x86.Build.0 = Release|Win32
		{04247C32-FB45-491B-BDC9-319CE3A8B5E5}.Debug|x64.ActiveCfg = Debug|x64
		{04247C32-FB45-491B-BDC9-319CE3A8B5E5}.Debug|x64.Build.0 = Debug|x64
		{04247C32-FB45-491B-BDC9-319CE3A8B5E5}.Debug|x86.ActiveCfg = Debug|Win32
		{04247C32-FB45-491B-BDC9-319CE3A8B5E5}.Debug|x86.Build.0 = Debug|Win32
		{04247C32-FB45-491B-BDC9-319CE3A8B5E5}.Release|x64.ActiveCfg = Release|x64
		{04247C32-FB45-491B-BDC9-319CE3A8B5E5}.Release|x64.Build.0 = Release|x64
		{04247C32-FB45-491B-BDC9-319CE3A8B5E5}.Release|x86.ActiveCfg = Release|Win32
		{04247C32-FB45-491B-BDC9-319CE3A8B5E5}.Release|x86.Build.0 = Release|Win32
		{227AEC94-FAE5-4E2E-9295-4BC6D17CD9FA}.Debug|x64.ActiveCfg = Debug|x64
		{227AEC94-FAE5-4E2E-9295-4BC6D17CD9FA}.Debug|x64.Build.0 = Debug|x64
		{227AEC94-FAE5-4E2E-9295-4BC6D17CD9FA}.Debug|x86.ActiveCfg = Debug|Win32
		{227AEC94-FAE5-4E2E-9295-4BC6D17CD9FA}.Debug|x86.Build.0 = Debug|Win32
		{227AEC94-FAE5-4E2E-9295-4BC6D17CD9FA}.Release|x64.ActiveCfg = Release|x64
		{227AEC94-FAE5-4E2E-9295-4BC6D17CD9FA}.Release|x64.Build.0 = Release|x64
		{227AEC94-FAE5-4E2E-9295-4BC6D17CD9FA}.Release|x86.ActiveCfg = Release|Win32
		{227AEC94-FAE5-4E2E-9295-4BC6D17CD9FA}.Release|x86.Build.0 = Release|Win32
		{9C0CEFFC-CDEE-4716-B2BB-5D568838B386}.Debug|x64.ActiveCfg = Debug|x64
		{9C0CEFFC-CDEE-4716-B2BB-5D568838B386}.Debug|x64.Build.0 = Debug|x64
		{9C0CEFFC-CDEE-4716-B2BB-5D568838B386}.Debug|x86.ActiveCfg = Debug|Win32
		{9C0CEFFC-CDEE-4716-B2BB-5D568838B386}.Debug|x86.Build.0 = Debug|Win32
		{9C0CEFFC-CDEE-4716-B2BB-5D568838B386}.Release|x64.ActiveCfg = Release|x64
		{9C0CEFFC-CDEE-4716-B2BB-5D568838B386}.Release|x64.Build.0 = Release|x64
		{9C0CEFFC-CDEE-4716-B2BB-5D568838B386}.Release|x86.ActiveCfg = Release|Win32
		{9C0CEFFC-CDEE-4716-B2BB-5D568838B386}.Release|x86.Build.0 = Release|Win32
		{D0CF1A86-7085-4C50-B1AE-ACF220F43603}.Debug|x64.ActiveCfg = Debug|x64
		{D0CF1A86-7085-4C50-B1AE-ACF220F43603}.Debug|x64.Build.0 = Debug|x64
		{D0CF1A86-7085-4C50-B1AE-ACF220F43603}.Debug|x86.ActiveCfg = Debug|Win32
		{D0CF1A86-7085-4C50-B1AE-ACF220F43603}.Debug|x86.Build.0 = Debug|Win32
		{D0CF1A86-7085-4C50-B1AE-ACF220F43603}.Release|x64.ActiveCfg = Release|x64
		{D0CF1A86-7085-4C50-B1AE-ACF220F43603}.Release|x64.Build.0 = Release|x64
		{D0CF1A86-7085-4C50-B1AE-ACF220F43603}.Release|x86.ActiveCfg = Release|Win32
		{D0CF1A86-7085-4C50-B1AE-ACF220F43603}.Release|x86.Build.0 = Release|Win32
		{F5ED09C2-C780-4DF4-B55B-351CD03E5971}.Debug|x64.ActiveCfg = Debug|x64
		{F5ED09C2-C780-4DF4-B55B-351CD03E5971}.Debug|x64.Build.0 = Debug|x64
		{F5ED09C2-C780-4DF4-B55B-351CD03E5971}.Debug|x86.ActiveCfg = Debug|Win32
		{F5ED09C2-C780-4DF4-B55B-351CD03E5971}.Debug|x86.Build.0 = Debug|Win32
		{F5ED09C2-C780-4DF4-B55B-351CD03E5971}.Release|x64.ActiveCfg = Release|x64
		{F5ED09C2-C780-4DF4-B55B-351CD03E5971}.Release|x64.Build.0 = Release|x64
		{F5ED09C2-C780-4DF4-B55B-351CD03E5971}.Release|x86.ActiveCfg = Release|Win32
		{F5ED09C2-C780-4DF4-B55B-351CD03E5971}.Release|x86.Build.0 = Release|Win32
		{F58E55C8-789A-4E5A-81D6-AF153CBA6AED}.Debug|x64.ActiveCfg = Debug|x64
		{F58E55C8-789A-4E5A-81D6-AF153CBA6AED}.Debug|x64.Build.0 = Debug|x64
		{F58E55C8-789A-4E5A-81D6-AF153CBA6AED}.Debug|x86.ActiveCfg = Debug|Win32
		{F58E55C8-789A-4E5A-81D6-AF153CBA6AED}.Debug|x86.Build.0 = Debug|Win32
		{F58E55C8-789A-4E5A-81D6-AF153CBA6AED}.Release|x64.ActiveCfg = Release|x64
		{F58E55C8-789A-4E5A-81D6-AF153CBA6AED}.Release|x64.Build.0 = Release|x64
		{F58E55C8-789A-4E5A-81D6-AF153CBA6AED}.Release|x86.ActiveCfg = Release|Win32
		{F58E55C8-789A-4E5A-81D6-AF153CBA6AED}.Release|x86.Build.0 = Release|Win32
		{B803D2F8-B858-4227-8C8E-07FD37134B4E}.Debug|x64.ActiveCfg = Debug|x64
		{B803D2F8-B858-4227-8C8E-07FD37134B4E}.Debug|x64.Build.0 = Debug|x64
		{B803D2F8-B858-4227-8C8E-07FD37134B4E}.Debug|x86.ActiveCfg = Debug|Win32
		{B803D2F8-B858-4227-8C8E-07FD37134B4E}.Debug|x86.Build.0 = Debug|Win32
		{B803D2F8-B858-4227-8C8E-07FD37134B4E}.Release|x64.ActiveCfg = Release|x64
		{B803D2F8-B858-4227-8C8E-07FD37134B4E}.Release|x64.Build.0 = Release|x64
		{B803D2F8-B858-4227-8C8E-07FD37134B4E}.Release|x86.ActiveCfg = Release|Win32
		{B803D2F8-B858-4227-8C8E-07FD37134B4E}.Release|x86.Build.0 = Release|Win32
		{94EFA8BC-021A-47F6-ACB9-43C4151B505B}.Debug|x64.ActiveCfg = Debug|x64
		{94EFA8BC-021A-47F6-ACB9-43C4151B505B}.Debug|x64.Build.0 = Debug|x64
		{94EFA8BC-021A-47F6-ACB9-43C4151B505B}.Debug|x86.ActiveCfg = Debug|Win32
		{94EFA8BC-021A-47F6-ACB9-43C4151B505B}.Debug|x86.Build.0 = Debug|Win32
		{94EFA8BC-021A-47F6-ACB9-43C4151B505B}.Release|x64.ActiveCfg = Release|x64
		{94EFA8BC-021A-47F6-ACB9-43C4151B505B}.Release|x64.Build.0 = Release|x64
		{94EFA8BC-021A-47F6-ACB9-43C4151B505B}.Release|x86.ActiveCfg = Release|Win32
		{94EFA8BC-021A-47F6-ACB9-43C4151B505B}.Release|x86.Build.0 = Release|Win32
		{1B42CB53-4EF2-4DF6-A52E-CE915EF125C4}.Debug|x64.ActiveCfg = Debug|x64
		{1B42CB53-4EF2-4DF6-A52E-CE915EF125C4}.Debug|x64.Build.0 = Debug|x64
		{1B42CB53-4EF2-4DF6-A52E-CE915EF125C4}.Debug|x86.ActiveCfg = Debug|Win32
		{1B42CB53-4EF2-4DF6-A52E-CE915EF125C4}.Debug|x86.Build.0 = Debug|Win32
		{1B42CB53-4EF2-4DF6-A52E-CE915EF125C4}.Release|x64.ActiveCfg = Release|x64
		{1B42CB53-4EF2-4DF6-A52E-CE915EF125C4}.Release|x64.Build.0 = Release|x64
		{1B42CB53-4EF2-4DF6-A52E-CE915EF125C4}.Release|x86.ActiveCfg = Release|Win32
		{1B42CB53-4EF2-4DF6-A52E-CE915EF125C4}.Release|x86.Build.0 = Release|Win32
	EndGlobalSection
	GlobalSection(SolutionProperties) = preSolution
		HideSolutionNode = FALSE
	EndGlobalSection
	GlobalSection(ExtensibilityGlobals) = postSolution
		SolutionGuid = {23B97A96-980C-41B7-9706-81FBCD762DA0}
	EndGlobalSection
EndGlobal
